// !$*UTF8*$!
{
	archiveVersion = 1;
	classes = {
	};
	objectVersion = 56;
	objects = {

/* Begin PBXBuildFile section */
		F6255B282C94AD83005302AC /* LocationPreviewView.swift in Sources */ = {isa = PBXBuildFile; fileRef = F6255B272C94AD83005302AC /* LocationPreviewView.swift */; };
		F6255B2A2C94C0E0005302AC /* LocationMapAnnotationView.swift in Sources */ = {isa = PBXBuildFile; fileRef = F6255B292C94C0E0005302AC /* LocationMapAnnotationView.swift */; };
		F6255B2C2C94C956005302AC /* LocationDetailView.swift in Sources */ = {isa = PBXBuildFile; fileRef = F6255B2B2C94C956005302AC /* LocationDetailView.swift */; };
		F66EA2DC2C935A3C00FEA3A5 /* SightseeingLocationsAppApp.swift in Sources */ = {isa = PBXBuildFile; fileRef = F66EA2DB2C935A3C00FEA3A5 /* SightseeingLocationsAppApp.swift */; };
		F66EA2DE2C935A3C00FEA3A5 /* ContentView.swift in Sources */ = {isa = PBXBuildFile; fileRef = F66EA2DD2C935A3C00FEA3A5 /* ContentView.swift */; };
		F66EA2E32C935A3E00FEA3A5 /* Preview Assets.xcassets in Resources */ = {isa = PBXBuildFile; fileRef = F66EA2E22C935A3E00FEA3A5 /* Preview Assets.xcassets */; };
		F66EA2ED2C935A3F00FEA3A5 /* SightseeingLocationsAppTests.swift in Sources */ = {isa = PBXBuildFile; fileRef = F66EA2EC2C935A3F00FEA3A5 /* SightseeingLocationsAppTests.swift */; };
		F66EA2F72C935A3F00FEA3A5 /* SightseeingLocationsAppUITests.swift in Sources */ = {isa = PBXBuildFile; fileRef = F66EA2F62C935A3F00FEA3A5 /* SightseeingLocationsAppUITests.swift */; };
		F66EA2F92C935A3F00FEA3A5 /* SightseeingLocationsAppUITestsLaunchTests.swift in Sources */ = {isa = PBXBuildFile; fileRef = F66EA2F82C935A3F00FEA3A5 /* SightseeingLocationsAppUITestsLaunchTests.swift */; };
		F66EA3062C935B7700FEA3A5 /* Assets.xcassets in Resources */ = {isa = PBXBuildFile; fileRef = F66EA3052C935B7600FEA3A5 /* Assets.xcassets */; };
		F66EA30B2C935C9D00FEA3A5 /* Location.swift in Sources */ = {isa = PBXBuildFile; fileRef = F66EA30A2C935C9D00FEA3A5 /* Location.swift */; };
		F66EA30E2C935DA500FEA3A5 /* LocationsDataService.swift in Sources */ = {isa = PBXBuildFile; fileRef = F66EA30D2C935DA500FEA3A5 /* LocationsDataService.swift */; };
		F66EA3102C935EEB00FEA3A5 /* LocationsView.swift in Sources */ = {isa = PBXBuildFile; fileRef = F66EA30F2C935EEB00FEA3A5 /* LocationsView.swift */; };
		F66EA3122C93627100FEA3A5 /* LocationsViewModel.swift in Sources */ = {isa = PBXBuildFile; fileRef = F66EA3112C93627100FEA3A5 /* LocationsViewModel.swift */; };
		F66EA3142C93799700FEA3A5 /* LocationsListView.swift in Sources */ = {isa = PBXBuildFile; fileRef = F66EA3132C93799700FEA3A5 /* LocationsListView.swift */; };
/* End PBXBuildFile section */

/* Begin PBXContainerItemProxy section */
		F66EA2E92C935A3F00FEA3A5 /* PBXContainerItemProxy */ = {
			isa = PBXContainerItemProxy;
			containerPortal = F66EA2D02C935A3C00FEA3A5 /* Project object */;
			proxyType = 1;
			remoteGlobalIDString = F66EA2D72C935A3C00FEA3A5;
			remoteInfo = SightseeingLocationsApp;
		};
		F66EA2F32C935A3F00FEA3A5 /* PBXContainerItemProxy */ = {
			isa = PBXContainerItemProxy;
			containerPortal = F66EA2D02C935A3C00FEA3A5 /* Project object */;
			proxyType = 1;
			remoteGlobalIDString = F66EA2D72C935A3C00FEA3A5;
			remoteInfo = SightseeingLocationsApp;
		};
/* End PBXContainerItemProxy section */

/* Begin PBXFileReference section */
		F6255B272C94AD83005302AC /* LocationPreviewView.swift */ = {isa = PBXFileReference; lastKnownFileType = sourcecode.swift; path = LocationPreviewView.swift; sourceTree = "<group>"; };
		F6255B292C94C0E0005302AC /* LocationMapAnnotationView.swift */ = {isa = PBXFileReference; lastKnownFileType = sourcecode.swift; path = LocationMapAnnotationView.swift; sourceTree = "<group>"; };
		F6255B2B2C94C956005302AC /* LocationDetailView.swift */ = {isa = PBXFileReference; lastKnownFileType = sourcecode.swift; path = LocationDetailView.swift; sourceTree = "<group>"; };
		F6255B2D2C94EA4E005302AC /* Info.plist */ = {isa = PBXFileReference; lastKnownFileType = text.plist; path = Info.plist; sourceTree = "<group>"; };
		F66EA2D82C935A3C00FEA3A5 /* SightseeingLocationsApp.app */ = {isa = PBXFileReference; explicitFileType = wrapper.application; includeInIndex = 0; path = SightseeingLocationsApp.app; sourceTree = BUILT_PRODUCTS_DIR; };
		F66EA2DB2C935A3C00FEA3A5 /* SightseeingLocationsAppApp.swift */ = {isa = PBXFileReference; lastKnownFileType = sourcecode.swift; path = SightseeingLocationsAppApp.swift; sourceTree = "<group>"; };
		F66EA2DD2C935A3C00FEA3A5 /* ContentView.swift */ = {isa = PBXFileReference; lastKnownFileType = sourcecode.swift; path = ContentView.swift; sourceTree = "<group>"; };
		F66EA2E22C935A3E00FEA3A5 /* Preview Assets.xcassets */ = {isa = PBXFileReference; lastKnownFileType = folder.assetcatalog; path = "Preview Assets.xcassets"; sourceTree = "<group>"; };
		F66EA2E82C935A3F00FEA3A5 /* SightseeingLocationsAppTests.xctest */ = {isa = PBXFileReference; explicitFileType = wrapper.cfbundle; includeInIndex = 0; path = SightseeingLocationsAppTests.xctest; sourceTree = BUILT_PRODUCTS_DIR; };
		F66EA2EC2C935A3F00FEA3A5 /* SightseeingLocationsAppTests.swift */ = {isa = PBXFileReference; lastKnownFileType = sourcecode.swift; path = SightseeingLocationsAppTests.swift; sourceTree = "<group>"; };
		F66EA2F22C935A3F00FEA3A5 /* SightseeingLocationsAppUITests.xctest */ = {isa = PBXFileReference; explicitFileType = wrapper.cfbundle; includeInIndex = 0; path = SightseeingLocationsAppUITests.xctest; sourceTree = BUILT_PRODUCTS_DIR; };
		F66EA2F62C935A3F00FEA3A5 /* SightseeingLocationsAppUITests.swift */ = {isa = PBXFileReference; lastKnownFileType = sourcecode.swift; path = SightseeingLocationsAppUITests.swift; sourceTree = "<group>"; };
		F66EA2F82C935A3F00FEA3A5 /* SightseeingLocationsAppUITestsLaunchTests.swift */ = {isa = PBXFileReference; lastKnownFileType = sourcecode.swift; path = SightseeingLocationsAppUITestsLaunchTests.swift; sourceTree = "<group>"; };
		F66EA3052C935B7600FEA3A5 /* Assets.xcassets */ = {isa = PBXFileReference; lastKnownFileType = folder.assetcatalog; path = Assets.xcassets; sourceTree = "<group>"; };
		F66EA30A2C935C9D00FEA3A5 /* Location.swift */ = {isa = PBXFileReference; lastKnownFileType = sourcecode.swift; path = Location.swift; sourceTree = "<group>"; };
		F66EA30D2C935DA500FEA3A5 /* LocationsDataService.swift */ = {isa = PBXFileReference; fileEncoding = 4; lastKnownFileType = sourcecode.swift; path = LocationsDataService.swift; sourceTree = "<group>"; };
		F66EA30F2C935EEB00FEA3A5 /* LocationsView.swift */ = {isa = PBXFileReference; lastKnownFileType = sourcecode.swift; path = LocationsView.swift; sourceTree = "<group>"; };
		F66EA3112C93627100FEA3A5 /* LocationsViewModel.swift */ = {isa = PBXFileReference; lastKnownFileType = sourcecode.swift; path = LocationsViewModel.swift; sourceTree = "<group>"; };
		F66EA3132C93799700FEA3A5 /* LocationsListView.swift */ = {isa = PBXFileReference; lastKnownFileType = sourcecode.swift; path = LocationsListView.swift; sourceTree = "<group>"; };
/* End PBXFileReference section */

/* Begin PBXFrameworksBuildPhase section */
		F66EA2D52C935A3C00FEA3A5 /* Frameworks */ = {
			isa = PBXFrameworksBuildPhase;
			buildActionMask = 2147483647;
			files = (
			);
			runOnlyForDeploymentPostprocessing = 0;
		};
		F66EA2E52C935A3F00FEA3A5 /* Frameworks */ = {
			isa = PBXFrameworksBuildPhase;
			buildActionMask = 2147483647;
			files = (
			);
			runOnlyForDeploymentPostprocessing = 0;
		};
		F66EA2EF2C935A3F00FEA3A5 /* Frameworks */ = {
			isa = PBXFrameworksBuildPhase;
			buildActionMask = 2147483647;
			files = (
			);
			runOnlyForDeploymentPostprocessing = 0;
		};
/* End PBXFrameworksBuildPhase section */

/* Begin PBXGroup section */
		F66EA2CF2C935A3C00FEA3A5 = {
			isa = PBXGroup;
			children = (
				F66EA2DA2C935A3C00FEA3A5 /* SightseeingLocationsApp */,
				F66EA2EB2C935A3F00FEA3A5 /* SightseeingLocationsAppTests */,
				F66EA2F52C935A3F00FEA3A5 /* SightseeingLocationsAppUITests */,
				F66EA2D92C935A3C00FEA3A5 /* Products */,
			);
			sourceTree = "<group>";
		};
		F66EA2D92C935A3C00FEA3A5 /* Products */ = {
			isa = PBXGroup;
			children = (
				F66EA2D82C935A3C00FEA3A5 /* SightseeingLocationsApp.app */,
				F66EA2E82C935A3F00FEA3A5 /* SightseeingLocationsAppTests.xctest */,
				F66EA2F22C935A3F00FEA3A5 /* SightseeingLocationsAppUITests.xctest */,
			);
			name = Products;
			sourceTree = "<group>";
		};
		F66EA2DA2C935A3C00FEA3A5 /* SightseeingLocationsApp */ = {
			isa = PBXGroup;
			children = (
				F6255B2D2C94EA4E005302AC /* Info.plist */,
				F66EA2DB2C935A3C00FEA3A5 /* SightseeingLocationsAppApp.swift */,
				F66EA2DD2C935A3C00FEA3A5 /* ContentView.swift */,
				F66EA30C2C935D8500FEA3A5 /* DataServices */,
				F66EA3082C935C4600FEA3A5 /* Views */,
				F66EA3092C935C4F00FEA3A5 /* ViewModels */,
				F66EA3072C935C3F00FEA3A5 /* Models */,
				F66EA3052C935B7600FEA3A5 /* Assets.xcassets */,
				F66EA2E12C935A3E00FEA3A5 /* Preview Content */,
			);
			path = SightseeingLocationsApp;
			sourceTree = "<group>";
		};
		F66EA2E12C935A3E00FEA3A5 /* Preview Content */ = {
			isa = PBXGroup;
			children = (
				F66EA2E22C935A3E00FEA3A5 /* Preview Assets.xcassets */,
			);
			path = "Preview Content";
			sourceTree = "<group>";
		};
		F66EA2EB2C935A3F00FEA3A5 /* SightseeingLocationsAppTests */ = {
			isa = PBXGroup;
			children = (
				F66EA2EC2C935A3F00FEA3A5 /* SightseeingLocationsAppTests.swift */,
			);
			path = SightseeingLocationsAppTests;
			sourceTree = "<group>";
		};
		F66EA2F52C935A3F00FEA3A5 /* SightseeingLocationsAppUITests */ = {
			isa = PBXGroup;
			children = (
				F66EA2F62C935A3F00FEA3A5 /* SightseeingLocationsAppUITests.swift */,
				F66EA2F82C935A3F00FEA3A5 /* SightseeingLocationsAppUITestsLaunchTests.swift */,
			);
			path = SightseeingLocationsAppUITests;
			sourceTree = "<group>";
		};
		F66EA3072C935C3F00FEA3A5 /* Models */ = {
			isa = PBXGroup;
			children = (
				F66EA30A2C935C9D00FEA3A5 /* Location.swift */,
			);
			path = Models;
			sourceTree = "<group>";
		};
		F66EA3082C935C4600FEA3A5 /* Views */ = {
			isa = PBXGroup;
			children = (
				F66EA30F2C935EEB00FEA3A5 /* LocationsView.swift */,
				F66EA3132C93799700FEA3A5 /* LocationsListView.swift */,
				F6255B272C94AD83005302AC /* LocationPreviewView.swift */,
				F6255B2B2C94C956005302AC /* LocationDetailView.swift */,
				F6255B292C94C0E0005302AC /* LocationMapAnnotationView.swift */,
			);
			path = Views;
			sourceTree = "<group>";
		};
		F66EA3092C935C4F00FEA3A5 /* ViewModels */ = {
			isa = PBXGroup;
			children = (
				F66EA3112C93627100FEA3A5 /* LocationsViewModel.swift */,
			);
			path = ViewModels;
			sourceTree = "<group>";
		};
		F66EA30C2C935D8500FEA3A5 /* DataServices */ = {
			isa = PBXGroup;
			children = (
				F66EA30D2C935DA500FEA3A5 /* LocationsDataService.swift */,
			);
			path = DataServices;
			sourceTree = "<group>";
		};
/* End PBXGroup section */

/* Begin PBXNativeTarget section */
		F66EA2D72C935A3C00FEA3A5 /* SightseeingLocationsApp */ = {
			isa = PBXNativeTarget;
			buildConfigurationList = F66EA2FC2C935A3F00FEA3A5 /* Build configuration list for PBXNativeTarget "SightseeingLocationsApp" */;
			buildPhases = (
				F66EA2D42C935A3C00FEA3A5 /* Sources */,
				F66EA2D52C935A3C00FEA3A5 /* Frameworks */,
				F66EA2D62C935A3C00FEA3A5 /* Resources */,
			);
			buildRules = (
			);
			dependencies = (
			);
			name = SightseeingLocationsApp;
			productName = SightseeingLocationsApp;
			productReference = F66EA2D82C935A3C00FEA3A5 /* SightseeingLocationsApp.app */;
			productType = "com.apple.product-type.application";
		};
		F66EA2E72C935A3F00FEA3A5 /* SightseeingLocationsAppTests */ = {
			isa = PBXNativeTarget;
			buildConfigurationList = F66EA2FF2C935A3F00FEA3A5 /* Build configuration list for PBXNativeTarget "SightseeingLocationsAppTests" */;
			buildPhases = (
				F66EA2E42C935A3F00FEA3A5 /* Sources */,
				F66EA2E52C935A3F00FEA3A5 /* Frameworks */,
				F66EA2E62C935A3F00FEA3A5 /* Resources */,
			);
			buildRules = (
			);
			dependencies = (
				F66EA2EA2C935A3F00FEA3A5 /* PBXTargetDependency */,
			);
			name = SightseeingLocationsAppTests;
			productName = SightseeingLocationsAppTests;
			productReference = F66EA2E82C935A3F00FEA3A5 /* SightseeingLocationsAppTests.xctest */;
			productType = "com.apple.product-type.bundle.unit-test";
		};
		F66EA2F12C935A3F00FEA3A5 /* SightseeingLocationsAppUITests */ = {
			isa = PBXNativeTarget;
			buildConfigurationList = F66EA3022C935A3F00FEA3A5 /* Build configuration list for PBXNativeTarget "SightseeingLocationsAppUITests" */;
			buildPhases = (
				F66EA2EE2C935A3F00FEA3A5 /* Sources */,
				F66EA2EF2C935A3F00FEA3A5 /* Frameworks */,
				F66EA2F02C935A3F00FEA3A5 /* Resources */,
			);
			buildRules = (
			);
			dependencies = (
				F66EA2F42C935A3F00FEA3A5 /* PBXTargetDependency */,
			);
			name = SightseeingLocationsAppUITests;
			productName = SightseeingLocationsAppUITests;
			productReference = F66EA2F22C935A3F00FEA3A5 /* SightseeingLocationsAppUITests.xctest */;
			productType = "com.apple.product-type.bundle.ui-testing";
		};
/* End PBXNativeTarget section */

/* Begin PBXProject section */
		F66EA2D02C935A3C00FEA3A5 /* Project object */ = {
			isa = PBXProject;
			attributes = {
				BuildIndependentTargetsInParallel = 1;
				LastSwiftUpdateCheck = 1540;
				LastUpgradeCheck = 1540;
				TargetAttributes = {
					F66EA2D72C935A3C00FEA3A5 = {
						CreatedOnToolsVersion = 15.4;
					};
					F66EA2E72C935A3F00FEA3A5 = {
						CreatedOnToolsVersion = 15.4;
						TestTargetID = F66EA2D72C935A3C00FEA3A5;
					};
					F66EA2F12C935A3F00FEA3A5 = {
						CreatedOnToolsVersion = 15.4;
						TestTargetID = F66EA2D72C935A3C00FEA3A5;
					};
				};
			};
			buildConfigurationList = F66EA2D32C935A3C00FEA3A5 /* Build configuration list for PBXProject "SightseeingLocationsApp" */;
			compatibilityVersion = "Xcode 14.0";
			developmentRegion = en;
			hasScannedForEncodings = 0;
			knownRegions = (
				en,
				Base,
			);
			mainGroup = F66EA2CF2C935A3C00FEA3A5;
			productRefGroup = F66EA2D92C935A3C00FEA3A5 /* Products */;
			projectDirPath = "";
			projectRoot = "";
			targets = (
				F66EA2D72C935A3C00FEA3A5 /* SightseeingLocationsApp */,
				F66EA2E72C935A3F00FEA3A5 /* SightseeingLocationsAppTests */,
				F66EA2F12C935A3F00FEA3A5 /* SightseeingLocationsAppUITests */,
			);
		};
/* End PBXProject section */

/* Begin PBXResourcesBuildPhase section */
		F66EA2D62C935A3C00FEA3A5 /* Resources */ = {
			isa = PBXResourcesBuildPhase;
			buildActionMask = 2147483647;
			files = (
				F66EA3062C935B7700FEA3A5 /* Assets.xcassets in Resources */,
				F66EA2E32C935A3E00FEA3A5 /* Preview Assets.xcassets in Resources */,
			);
			runOnlyForDeploymentPostprocessing = 0;
		};
		F66EA2E62C935A3F00FEA3A5 /* Resources */ = {
			isa = PBXResourcesBuildPhase;
			buildActionMask = 2147483647;
			files = (
			);
			runOnlyForDeploymentPostprocessing = 0;
		};
		F66EA2F02C935A3F00FEA3A5 /* Resources */ = {
			isa = PBXResourcesBuildPhase;
			buildActionMask = 2147483647;
			files = (
			);
			runOnlyForDeploymentPostprocessing = 0;
		};
/* End PBXResourcesBuildPhase section */

/* Begin PBXSourcesBuildPhase section */
		F66EA2D42C935A3C00FEA3A5 /* Sources */ = {
			isa = PBXSourcesBuildPhase;
			buildActionMask = 2147483647;
			files = (
				F66EA30E2C935DA500FEA3A5 /* LocationsDataService.swift in Sources */,
				F6255B2A2C94C0E0005302AC /* LocationMapAnnotationView.swift in Sources */,
				F66EA3142C93799700FEA3A5 /* LocationsListView.swift in Sources */,
				F6255B282C94AD83005302AC /* LocationPreviewView.swift in Sources */,
				F66EA3122C93627100FEA3A5 /* LocationsViewModel.swift in Sources */,
				F66EA2DE2C935A3C00FEA3A5 /* ContentView.swift in Sources */,
				F66EA3102C935EEB00FEA3A5 /* LocationsView.swift in Sources */,
				F66EA30B2C935C9D00FEA3A5 /* Location.swift in Sources */,
				F6255B2C2C94C956005302AC /* LocationDetailView.swift in Sources */,
				F66EA2DC2C935A3C00FEA3A5 /* SightseeingLocationsAppApp.swift in Sources */,
			);
			runOnlyForDeploymentPostprocessing = 0;
		};
		F66EA2E42C935A3F00FEA3A5 /* Sources */ = {
			isa = PBXSourcesBuildPhase;
			buildActionMask = 2147483647;
			files = (
				F66EA2ED2C935A3F00FEA3A5 /* SightseeingLocationsAppTests.swift in Sources */,
			);
			runOnlyForDeploymentPostprocessing = 0;
		};
		F66EA2EE2C935A3F00FEA3A5 /* Sources */ = {
			isa = PBXSourcesBuildPhase;
			buildActionMask = 2147483647;
			files = (
				F66EA2F92C935A3F00FEA3A5 /* SightseeingLocationsAppUITestsLaunchTests.swift in Sources */,
				F66EA2F72C935A3F00FEA3A5 /* SightseeingLocationsAppUITests.swift in Sources */,
			);
			runOnlyForDeploymentPostprocessing = 0;
		};
/* End PBXSourcesBuildPhase section */

/* Begin PBXTargetDependency section */
		F66EA2EA2C935A3F00FEA3A5 /* PBXTargetDependency */ = {
			isa = PBXTargetDependency;
			target = F66EA2D72C935A3C00FEA3A5 /* SightseeingLocationsApp */;
			targetProxy = F66EA2E92C935A3F00FEA3A5 /* PBXContainerItemProxy */;
		};
		F66EA2F42C935A3F00FEA3A5 /* PBXTargetDependency */ = {
			isa = PBXTargetDependency;
			target = F66EA2D72C935A3C00FEA3A5 /* SightseeingLocationsApp */;
			targetProxy = F66EA2F32C935A3F00FEA3A5 /* PBXContainerItemProxy */;
		};
/* End PBXTargetDependency section */

/* Begin XCBuildConfiguration section */
		F66EA2FA2C935A3F00FEA3A5 /* Debug */ = {
			isa = XCBuildConfiguration;
			buildSettings = {
				ALWAYS_SEARCH_USER_PATHS = NO;
				ASSETCATALOG_COMPILER_GENERATE_SWIFT_ASSET_SYMBOL_EXTENSIONS = YES;
				CLANG_ANALYZER_NONNULL = YES;
				CLANG_ANALYZER_NUMBER_OBJECT_CONVERSION = YES_AGGRESSIVE;
				CLANG_CXX_LANGUAGE_STANDARD = "gnu++20";
				CLANG_ENABLE_MODULES = YES;
				CLANG_ENABLE_OBJC_ARC = YES;
				CLANG_ENABLE_OBJC_WEAK = YES;
				CLANG_WARN_BLOCK_CAPTURE_AUTORELEASING = YES;
				CLANG_WARN_BOOL_CONVERSION = YES;
				CLANG_WARN_COMMA = YES;
				CLANG_WARN_CONSTANT_CONVERSION = YES;
				CLANG_WARN_DEPRECATED_OBJC_IMPLEMENTATIONS = YES;
				CLANG_WARN_DIRECT_OBJC_ISA_USAGE = YES_ERROR;
				CLANG_WARN_DOCUMENTATION_COMMENTS = YES;
				CLANG_WARN_EMPTY_BODY = YES;
				CLANG_WARN_ENUM_CONVERSION = YES;
				CLANG_WARN_INFINITE_RECURSION = YES;
				CLANG_WARN_INT_CONVERSION = YES;
				CLANG_WARN_NON_LITERAL_NULL_CONVERSION = YES;
				CLANG_WARN_OBJC_IMPLICIT_RETAIN_SELF = YES;
				CLANG_WARN_OBJC_LITERAL_CONVERSION = YES;
				CLANG_WARN_OBJC_ROOT_CLASS = YES_ERROR;
				CLANG_WARN_QUOTED_INCLUDE_IN_FRAMEWORK_HEADER = YES;
				CLANG_WARN_RANGE_LOOP_ANALYSIS = YES;
				CLANG_WARN_STRICT_PROTOTYPES = YES;
				CLANG_WARN_SUSPICIOUS_MOVE = YES;
				CLANG_WARN_UNGUARDED_AVAILABILITY = YES_AGGRESSIVE;
				CLANG_WARN_UNREACHABLE_CODE = YES;
				CLANG_WARN__DUPLICATE_METHOD_MATCH = YES;
				COPY_PHASE_STRIP = NO;
				DEBUG_INFORMATION_FORMAT = dwarf;
				ENABLE_STRICT_OBJC_MSGSEND = YES;
				ENABLE_TESTABILITY = YES;
				ENABLE_USER_SCRIPT_SANDBOXING = YES;
				GCC_C_LANGUAGE_STANDARD = gnu17;
				GCC_DYNAMIC_NO_PIC = NO;
				GCC_NO_COMMON_BLOCKS = YES;
				GCC_OPTIMIZATION_LEVEL = 0;
				GCC_PREPROCESSOR_DEFINITIONS = (
					"DEBUG=1",
					"$(inherited)",
				);
				GCC_WARN_64_TO_32_BIT_CONVERSION = YES;
				GCC_WARN_ABOUT_RETURN_TYPE = YES_ERROR;
				GCC_WARN_UNDECLARED_SELECTOR = YES;
				GCC_WARN_UNINITIALIZED_AUTOS = YES_AGGRESSIVE;
				GCC_WARN_UNUSED_FUNCTION = YES;
				GCC_WARN_UNUSED_VARIABLE = YES;
				IPHONEOS_DEPLOYMENT_TARGET = 17.5;
				LOCALIZATION_PREFERS_STRING_CATALOGS = YES;
				MTL_ENABLE_DEBUG_INFO = INCLUDE_SOURCE;
				MTL_FAST_MATH = YES;
				ONLY_ACTIVE_ARCH = YES;
				SDKROOT = iphoneos;
				SWIFT_ACTIVE_COMPILATION_CONDITIONS = "DEBUG $(inherited)";
				SWIFT_OPTIMIZATION_LEVEL = "-Onone";
			};
			name = Debug;
		};
		F66EA2FB2C935A3F00FEA3A5 /* Release */ = {
			isa = XCBuildConfiguration;
			buildSettings = {
				ALWAYS_SEARCH_USER_PATHS = NO;
				ASSETCATALOG_COMPILER_GENERATE_SWIFT_ASSET_SYMBOL_EXTENSIONS = YES;
				CLANG_ANALYZER_NONNULL = YES;
				CLANG_ANALYZER_NUMBER_OBJECT_CONVERSION = YES_AGGRESSIVE;
				CLANG_CXX_LANGUAGE_STANDARD = "gnu++20";
				CLANG_ENABLE_MODULES = YES;
				CLANG_ENABLE_OBJC_ARC = YES;
				CLANG_ENABLE_OBJC_WEAK = YES;
				CLANG_WARN_BLOCK_CAPTURE_AUTORELEASING = YES;
				CLANG_WARN_BOOL_CONVERSION = YES;
				CLANG_WARN_COMMA = YES;
				CLANG_WARN_CONSTANT_CONVERSION = YES;
				CLANG_WARN_DEPRECATED_OBJC_IMPLEMENTATIONS = YES;
				CLANG_WARN_DIRECT_OBJC_ISA_USAGE = YES_ERROR;
				CLANG_WARN_DOCUMENTATION_COMMENTS = YES;
				CLANG_WARN_EMPTY_BODY = YES;
				CLANG_WARN_ENUM_CONVERSION = YES;
				CLANG_WARN_INFINITE_RECURSION = YES;
				CLANG_WARN_INT_CONVERSION = YES;
				CLANG_WARN_NON_LITERAL_NULL_CONVERSION = YES;
				CLANG_WARN_OBJC_IMPLICIT_RETAIN_SELF = YES;
				CLANG_WARN_OBJC_LITERAL_CONVERSION = YES;
				CLANG_WARN_OBJC_ROOT_CLASS = YES_ERROR;
				CLANG_WARN_QUOTED_INCLUDE_IN_FRAMEWORK_HEADER = YES;
				CLANG_WARN_RANGE_LOOP_ANALYSIS = YES;
				CLANG_WARN_STRICT_PROTOTYPES = YES;
				CLANG_WARN_SUSPICIOUS_MOVE = YES;
				CLANG_WARN_UNGUARDED_AVAILABILITY = YES_AGGRESSIVE;
				CLANG_WARN_UNREACHABLE_CODE = YES;
				CLANG_WARN__DUPLICATE_METHOD_MATCH = YES;
				COPY_PHASE_STRIP = NO;
				DEBUG_INFORMATION_FORMAT = "dwarf-with-dsym";
				ENABLE_NS_ASSERTIONS = NO;
				ENABLE_STRICT_OBJC_MSGSEND = YES;
				ENABLE_USER_SCRIPT_SANDBOXING = YES;
				GCC_C_LANGUAGE_STANDARD = gnu17;
				GCC_NO_COMMON_BLOCKS = YES;
				GCC_WARN_64_TO_32_BIT_CONVERSION = YES;
				GCC_WARN_ABOUT_RETURN_TYPE = YES_ERROR;
				GCC_WARN_UNDECLARED_SELECTOR = YES;
				GCC_WARN_UNINITIALIZED_AUTOS = YES_AGGRESSIVE;
				GCC_WARN_UNUSED_FUNCTION = YES;
				GCC_WARN_UNUSED_VARIABLE = YES;
				IPHONEOS_DEPLOYMENT_TARGET = 17.5;
				LOCALIZATION_PREFERS_STRING_CATALOGS = YES;
				MTL_ENABLE_DEBUG_INFO = NO;
				MTL_FAST_MATH = YES;
				SDKROOT = iphoneos;
				SWIFT_COMPILATION_MODE = wholemodule;
				VALIDATE_PRODUCT = YES;
			};
			name = Release;
		};
		F66EA2FD2C935A3F00FEA3A5 /* Debug */ = {
			isa = XCBuildConfiguration;
			buildSettings = {
				ASSETCATALOG_COMPILER_APPICON_NAME = AppIcon;
				ASSETCATALOG_COMPILER_GLOBAL_ACCENT_COLOR_NAME = AccentColor;
				CODE_SIGN_STYLE = Automatic;
				CURRENT_PROJECT_VERSION = 1;
				DEVELOPMENT_ASSET_PATHS = "\"SightseeingLocationsApp/Preview Content\"";
				DEVELOPMENT_TEAM = Q6BFBJ3X2R;
				ENABLE_PREVIEWS = YES;
				GENERATE_INFOPLIST_FILE = YES;
				INFOPLIST_FILE = SightseeingLocationsApp/Info.plist;
				INFOPLIST_KEY_CFBundleDisplayName = Locations;
				INFOPLIST_KEY_LSApplicationCategoryType = "public.app-category.travel";
				INFOPLIST_KEY_UIApplicationSceneManifest_Generation = YES;
				INFOPLIST_KEY_UIApplicationSupportsIndirectInputEvents = YES;
				INFOPLIST_KEY_UISupportedInterfaceOrientations = UIInterfaceOrientationPortrait;
				INFOPLIST_KEY_UISupportedInterfaceOrientations_iPad = "UIInterfaceOrientationLandscapeLeft UIInterfaceOrientationLandscapeRight UIInterfaceOrientationPortrait UIInterfaceOrientationPortraitUpsideDown";
				LD_RUNPATH_SEARCH_PATHS = (
					"$(inherited)",
					"@executable_path/Frameworks",
				);
				MARKETING_VERSION = 1.0;
				PRODUCT_BUNDLE_IDENTIFIER = com.kath.SightseeingLocationsApp;
				PRODUCT_NAME = "$(TARGET_NAME)";
				SWIFT_EMIT_LOC_STRINGS = YES;
				SWIFT_VERSION = 5.0;
				TARGETED_DEVICE_FAMILY = "1,2";
			};
			name = Debug;
		};
		F66EA2FE2C935A3F00FEA3A5 /* Release */ = {
			isa = XCBuildConfiguration;
			buildSettings = {
				ASSETCATALOG_COMPILER_APPICON_NAME = AppIcon;
				ASSETCATALOG_COMPILER_GLOBAL_ACCENT_COLOR_NAME = AccentColor;
				CODE_SIGN_STYLE = Automatic;
				CURRENT_PROJECT_VERSION = 1;
				DEVELOPMENT_ASSET_PATHS = "\"SightseeingLocationsApp/Preview Content\"";
				DEVELOPMENT_TEAM = Q6BFBJ3X2R;
				ENABLE_PREVIEWS = YES;
				GENERATE_INFOPLIST_FILE = YES;
				INFOPLIST_FILE = SightseeingLocationsApp/Info.plist;
				INFOPLIST_KEY_CFBundleDisplayName = Locations;
				INFOPLIST_KEY_LSApplicationCategoryType = "public.app-category.travel";
				INFOPLIST_KEY_UIApplicationSceneManifest_Generation = YES;
				INFOPLIST_KEY_UIApplicationSupportsIndirectInputEvents = YES;
				INFOPLIST_KEY_UISupportedInterfaceOrientations = UIInterfaceOrientationPortrait;
				INFOPLIST_KEY_UISupportedInterfaceOrientations_iPad = "UIInterfaceOrientationLandscapeLeft UIInterfaceOrientationLandscapeRight UIInterfaceOrientationPortrait UIInterfaceOrientationPortraitUpsideDown";
				LD_RUNPATH_SEARCH_PATHS = (
					"$(inherited)",
					"@executable_path/Frameworks",
				);
				MARKETING_VERSION = 1.0;
				PRODUCT_BUNDLE_IDENTIFIER = com.kath.SightseeingLocationsApp;
				PRODUCT_NAME = "$(TARGET_NAME)";
				SWIFT_EMIT_LOC_STRINGS = YES;
				SWIFT_VERSION = 5.0;
				TARGETED_DEVICE_FAMILY = "1,2";
			};
			name = Release;
		};
		F66EA3002C935A3F00FEA3A5 /* Debug */ = {
			isa = XCBuildConfiguration;
			buildSettings = {
				ALWAYS_EMBED_SWIFT_STANDARD_LIBRARIES = YES;
				BUNDLE_LOADER = "$(TEST_HOST)";
				CODE_SIGN_STYLE = Automatic;
				CURRENT_PROJECT_VERSION = 1;
				DEVELOPMENT_TEAM = Q6BFBJ3X2R;
				GENERATE_INFOPLIST_FILE = YES;
				IPHONEOS_DEPLOYMENT_TARGET = 17.5;
				MARKETING_VERSION = 1.0;
				PRODUCT_BUNDLE_IDENTIFIER = com.kath.SightseeingLocationsAppTests;
				PRODUCT_NAME = "$(TARGET_NAME)";
				SWIFT_EMIT_LOC_STRINGS = NO;
				SWIFT_VERSION = 5.0;
				TARGETED_DEVICE_FAMILY = "1,2";
				TEST_HOST = "$(BUILT_PRODUCTS_DIR)/SightseeingLocationsApp.app/$(BUNDLE_EXECUTABLE_FOLDER_PATH)/SightseeingLocationsApp";
			};
			name = Debug;
		};
		F66EA3012C935A3F00FEA3A5 /* Release */ = {
			isa = XCBuildConfiguration;
			buildSettings = {
				ALWAYS_EMBED_SWIFT_STANDARD_LIBRARIES = YES;
				BUNDLE_LOADER = "$(TEST_HOST)";
				CODE_SIGN_STYLE = Automatic;
				CURRENT_PROJECT_VERSION = 1;
				DEVELOPMENT_TEAM = Q6BFBJ3X2R;
				GENERATE_INFOPLIST_FILE = YES;
				IPHONEOS_DEPLOYMENT_TARGET = 17.5;
				MARKETING_VERSION = 1.0;
				PRODUCT_BUNDLE_IDENTIFIER = com.kath.SightseeingLocationsAppTests;
				PRODUCT_NAME = "$(TARGET_NAME)";
				SWIFT_EMIT_LOC_STRINGS = NO;
				SWIFT_VERSION = 5.0;
				TARGETED_DEVICE_FAMILY = "1,2";
				TEST_HOST = "$(BUILT_PRODUCTS_DIR)/SightseeingLocationsApp.app/$(BUNDLE_EXECUTABLE_FOLDER_PATH)/SightseeingLocationsApp";
			};
			name = Release;
		};
		F66EA3032C935A3F00FEA3A5 /* Debug */ = {
			isa = XCBuildConfiguration;
			buildSettings = {
				ALWAYS_EMBED_SWIFT_STANDARD_LIBRARIES = YES;
				CODE_SIGN_STYLE = Automatic;
				CURRENT_PROJECT_VERSION = 1;
				DEVELOPMENT_TEAM = Q6BFBJ3X2R;
				GENERATE_INFOPLIST_FILE = YES;
				MARKETING_VERSION = 1.0;
				PRODUCT_BUNDLE_IDENTIFIER = com.kath.SightseeingLocationsAppUITests;
				PRODUCT_NAME = "$(TARGET_NAME)";
				SWIFT_EMIT_LOC_STRINGS = NO;
				SWIFT_VERSION = 5.0;
				TARGETED_DEVICE_FAMILY = "1,2";
				TEST_TARGET_NAME = SightseeingLocationsApp;
			};
			name = Debug;
		};
		F66EA3042C935A3F00FEA3A5 /* Release */ = {
			isa = XCBuildConfiguration;
			buildSettings = {
				ALWAYS_EMBED_SWIFT_STANDARD_LIBRARIES = YES;
				CODE_SIGN_STYLE = Automatic;
				CURRENT_PROJECT_VERSION = 1;
				DEVELOPMENT_TEAM = Q6BFBJ3X2R;
				GENERATE_INFOPLIST_FILE = YES;
				MARKETING_VERSION = 1.0;
				PRODUCT_BUNDLE_IDENTIFIER = com.kath.SightseeingLocationsAppUITests;
				PRODUCT_NAME = "$(TARGET_NAME)";
				SWIFT_EMIT_LOC_STRINGS = NO;
				SWIFT_VERSION = 5.0;
				TARGETED_DEVICE_FAMILY = "1,2";
				TEST_TARGET_NAME = SightseeingLocationsApp;
			};
			name = Release;
		};
/* End XCBuildConfiguration section */

/* Begin XCConfigurationList section */
		F66EA2D32C935A3C00FEA3A5 /* Build configuration list for PBXProject "SightseeingLocationsApp" */ = {
			isa = XCConfigurationList;
			buildConfigurations = (
				F66EA2FA2C935A3F00FEA3A5 /* Debug */,
				F66EA2FB2C935A3F00FEA3A5 /* Release */,
			);
			defaultConfigurationIsVisible = 0;
			defaultConfigurationName = Release;
		};
		F66EA2FC2C935A3F00FEA3A5 /* Build configuration list for PBXNativeTarget "SightseeingLocationsApp" */ = {
			isa = XCConfigurationList;
			buildConfigurations = (
				F66EA2FD2C935A3F00FEA3A5 /* Debug */,
				F66EA2FE2C935A3F00FEA3A5 /* Release */,
			);
			defaultConfigurationIsVisible = 0;
			defaultConfigurationName = Release;
		};
		F66EA2FF2C935A3F00FEA3A5 /* Build configuration list for PBXNativeTarget "SightseeingLocationsAppTests" */ = {
			isa = XCConfigurationList;
			buildConfigurations = (
				F66EA3002C935A3F00FEA3A5 /* Debug */,
				F66EA3012C935A3F00FEA3A5 /* Release */,
			);
			defaultConfigurationIsVisible = 0;
			defaultConfigurationName = Release;
		};
		F66EA3022C935A3F00FEA3A5 /* Build configuration list for PBXNativeTarget "SightseeingLocationsAppUITests" */ = {
			isa = XCConfigurationList;
			buildConfigurations = (
				F66EA3032C935A3F00FEA3A5 /* Debug */,
				F66EA3042C935A3F00FEA3A5 /* Release */,
			);
			defaultConfigurationIsVisible = 0;
			defaultConfigurationName = Release;
		};
/* End XCConfigurationList section */
	};
	rootObject = F66EA2D02C935A3C00FEA3A5 /* Project object */;
}
